
Microsoft Visual Studio Solution File, Format Version 12.00
Project("{FAE04EC0-301F-11D3-BF4B-00C04F79EFBC}") = "RWQoLTweaks", "RWQoLTweaks\RWQoLTweaks.csproj", "{F632FBFF-DF39-4DAA-8B93-2323D74124E1}"
EndProject
Global
	GlobalSection(SolutionConfigurationPlatforms) = preSolution
		Debug|Any CPU = Debug|Any CPU
		Release|Any CPU = Release|Any CPU
		Debug_1_5|Any CPU = Debug_1_5|Any CPU
		Debug_1_6|Any CPU = Debug_1_6|Any CPU
	EndGlobalSection
	GlobalSection(ProjectConfigurationPlatforms) = postSolution
		{F632FBFF-DF39-4DAA-8B93-2323D74124E1}.Release|Any CPU.ActiveCfg = Release|Any CPU
		{F632FBFF-DF39-4DAA-8B93-2323D74124E1}.Release|Any CPU.Build.0 = Release|Any CPU
		{F632FBFF-DF39-4DAA-8B93-2323D74124E1}.Debug|Any CPU.ActiveCfg = Debug|Any CPU
		{F632FBFF-DF39-4DAA-8B93-2323D74124E1}.Debug|Any CPU.Build.0 = Debug|Any CPU
		{F632FBFF-DF39-4DAA-8B93-2323D74124E1}.Debug|Any CPU.Deploy.0 = Debug|Any CPU
		{F632FBFF-DF39-4DAA-8B93-2323D74124E1}.Debug_1_5|Any CPU.ActiveCfg = Debug_1_5|Any CPU
		{F632FBFF-DF39-4DAA-8B93-2323D74124E1}.Debug_1_5|Any CPU.Build.0 = Debug_1_5|Any CPU
		{F632FBFF-DF39-4DAA-8B93-2323D74124E1}.Debug_1_6|Any CPU.ActiveCfg = Debug_1_6|Any CPU
		{F632FBFF-DF39-4DAA-8B93-2323D74124E1}.Debug_1_6|Any CPU.Build.0 = Debug_1_6|Any CPU
	EndGlobalSection
EndGlobal
